
Microsoft Visual Studio Solution File, Format Version 12.00
# Visual Studio Version 17
VisualStudioVersion = 17.1.32319.34
MinimumVisualStudioVersion = 10.0.40219.1
Project("{9A19103F-16F7-4668-BE54-9A1E7A4F7556}") = "Mobiroller", "Mobiroller\Mobiroller.csproj", "{BD80FC0A-70B5-42A9-879E-11372877B994}"
EndProject
Project("{9A19103F-16F7-4668-BE54-9A1E7A4F7556}") = "Entities", "Entities\Entities.csproj", "{5BC2E3A8-2617-4BB7-9BE4-A55E554AA2FD}"
EndProject
Project("{9A19103F-16F7-4668-BE54-9A1E7A4F7556}") = "DataAccess", "DataAccess\DataAccess.csproj", "{10F57509-DB82-4E48-B8BF-C4BAF9F8CEA1}"
EndProject
Project("{FAE04EC0-301F-11D3-BF4B-00C04F79EFBC}") = "BusinessLayer", "BusinessLayer\BusinessLayer.csproj", "{53648AD3-A67F-4F07-A6E5-5B5B08067537}"
EndProject
Global
	GlobalSection(SolutionConfigurationPlatforms) = preSolution
		Debug|Any CPU = Debug|Any CPU
		Release|Any CPU = Release|Any CPU
	EndGlobalSection
	GlobalSection(ProjectConfigurationPlatforms) = postSolution
		{BD80FC0A-70B5-42A9-879E-11372877B994}.Debug|Any CPU.ActiveCfg = Debug|Any CPU
		{BD80FC0A-70B5-42A9-879E-11372877B994}.Debug|Any CPU.Build.0 = Debug|Any CPU
		{BD80FC0A-70B5-42A9-879E-11372877B994}.Release|Any CPU.ActiveCfg = Release|Any CPU
		{BD80FC0A-70B5-42A9-879E-11372877B994}.Release|Any CPU.Build.0 = Release|Any CPU
		{5BC2E3A8-2617-4BB7-9BE4-A55E554AA2FD}.Debug|Any CPU.ActiveCfg = Debug|Any CPU
		{5BC2E3A8-2617-4BB7-9BE4-A55E554AA2FD}.Debug|Any CPU.Build.0 = Debug|Any CPU
		{5BC2E3A8-2617-4BB7-9BE4-A55E554AA2FD}.Release|Any CPU.ActiveCfg = Release|Any CPU
		{5BC2E3A8-2617-4BB7-9BE4-A55E554AA2FD}.Release|Any CPU.Build.0 = Release|Any CPU
		{10F57509-DB82-4E48-B8BF-C4BAF9F8CEA1}.Debug|Any CPU.ActiveCfg = Debug|Any CPU
		{10F57509-DB82-4E48-B8BF-C4BAF9F8CEA1}.Debug|Any CPU.Build.0 = Debug|Any CPU
		{10F57509-DB82-4E48-B8BF-C4BAF9F8CEA1}.Release|Any CPU.ActiveCfg = Release|Any CPU
		{10F57509-DB82-4E48-B8BF-C4BAF9F8CEA1}.Release|Any CPU.Build.0 = Release|Any CPU
		{53648AD3-A67F-4F07-A6E5-5B5B08067537}.Debug|Any CPU.ActiveCfg = Debug|Any CPU
		{53648AD3-A67F-4F07-A6E5-5B5B08067537}.Debug|Any CPU.Build.0 = Debug|Any CPU
		{53648AD3-A67F-4F07-A6E5-5B5B08067537}.Release|Any CPU.ActiveCfg = Release|Any CPU
		{53648AD3-A67F-4F07-A6E5-5B5B08067537}.Release|Any CPU.Build.0 = Release|Any CPU
	EndGlobalSection
	GlobalSection(SolutionProperties) = preSolution
		HideSolutionNode = FALSE
	EndGlobalSection
	GlobalSection(ExtensibilityGlobals) = postSolution
		SolutionGuid = {72E7D117-DACD-4672-A7E0-841E05ED99F5}
	EndGlobalSection
EndGlobal
